# generated by rye
# use `rye lock` or `rye sync` to update this lockfile
#
# last locked with the following flags:
#   pre: false
#   features: []
#   all-features: false
#   with-sources: false
#   generate-hashes: false
#   universal: false

-e file:.
contourpy==1.2.1
    # via matplotlib
cycler==0.12.1
    # via matplotlib
fonttools==4.53.1
    # via matplotlib
joblib==1.4.2
    # via scikit-learn
kiwisolver==1.4.5
    # via matplotlib
matplotlib==3.9.1
    # via sar2
numpy==1.26.4
    # via contourpy
    # via matplotlib
    # via pandas
    # via rdkit
    # via scikit-learn
    # via scipy
packaging==24.1
    # via matplotlib
pandas==2.2.2
    # via sar2
pillow==10.4.0
    # via matplotlib
    # via rdkit
pyparsing==3.1.2
    # via matplotlib
python-dateutil==2.9.0.post0
    # via matplotlib
    # via pandas
pytz==2024.1
    # via pandas
rdkit==2024.3.3
    # via sar2
ruff==0.5.4
scikit-learn==1.5.1
    # via sar2
scipy==1.14.0
    # via scikit-learn
six==1.16.0
    # via python-dateutil
threadpoolctl==3.5.0
    # via scikit-learn
tzdata==2024.1
    # via pandas
